
Microsoft Visual Studio Solution File, Format Version 12.00
# Visual Studio Version 17
VisualStudioVersion = 17.5.002.0
MinimumVisualStudioVersion = 10.0.40219.1
Project("{9A19103F-16F7-4668-BE54-9A1E7A4F7556}") = "task1", "task1\task1.csproj", "{05263483-975A-40A0-8292-54D3A88B90C1}"
EndProject
Project("{9A19103F-16F7-4668-BE54-9A1E7A4F7556}") = "task2", "task2\task2.csproj", "{9663E219-D537-4446-B6D6-5213303827D3}"
EndProject
Global
	GlobalSection(SolutionConfigurationPlatforms) = preSolution
		Debug|Any CPU = Debug|Any CPU
		Release|Any CPU = Release|Any CPU
	EndGlobalSection
	GlobalSection(ProjectConfigurationPlatforms) = postSolution
		{05263483-975A-40A0-8292-54D3A88B90C1}.Debug|Any CPU.ActiveCfg = Debug|Any CPU
		{05263483-975A-40A0-8292-54D3A88B90C1}.Debug|Any CPU.Build.0 = Debug|Any CPU
		{05263483-975A-40A0-8292-54D3A88B90C1}.Release|Any CPU.ActiveCfg = Release|Any CPU
		{05263483-975A-40A0-8292-54D3A88B90C1}.Release|Any CPU.Build.0 = Release|Any CPU
		{9663E219-D537-4446-B6D6-5213303827D3}.Debug|Any CPU.ActiveCfg = Debug|Any CPU
		{9663E219-D537-4446-B6D6-5213303827D3}.Debug|Any CPU.Build.0 = Debug|Any CPU
		{9663E219-D537-4446-B6D6-5213303827D3}.Release|Any CPU.ActiveCfg = Release|Any CPU
		{9663E219-D537-4446-B6D6-5213303827D3}.Release|Any CPU.Build.0 = Release|Any CPU
	EndGlobalSection
	GlobalSection(SolutionProperties) = preSolution
		HideSolutionNode = FALSE
	EndGlobalSection
	GlobalSection(ExtensibilityGlobals) = postSolution
		SolutionGuid = {79134C6D-EF41-49F2-AA60-DB0BBFB752DD}
	EndGlobalSection
EndGlobal
